// !$*UTF8*$!
{
	archiveVersion = 1;
	classes = {
	};
	objectVersion = 77;
	objects = {

/* Begin PBXBuildFile section */
		04CDC29711CDD22689CF1989 /* Assets.xcassets in Resources */ = {isa = PBXBuildFile; fileRef = 237BF5EFC78CFE1A0FCC5DCB /* Assets.xcassets */; };
		1184D3C7BDB6D646F57BE776 /* ContentView.swift in Sources */ = {isa = PBXBuildFile; fileRef = 16ADCB0F880F1588FFF52907 /* ContentView.swift */; };
		19F7481E04979BE345D80DF2 /* ShikenApp.swift in Sources */ = {isa = PBXBuildFile; fileRef = 25069F6CB31B7E2936DFDA66 /* ShikenApp.swift */; };
		1D1D9EE46B2478F18E463892 /* FocusView.swift in Sources */ = {isa = PBXBuildFile; fileRef = A0A3ABAFD31AE26C63EDFE4F /* FocusView.swift */; };
		22F8415022CA9A176583BC9F /* ShikenModels.swift in Sources */ = {isa = PBXBuildFile; fileRef = B2BA4EE1925DE1220042705B /* ShikenModels.swift */; };
		358EA09FD1B880720105BAD7 /* Assets.xcassets in Resources */ = {isa = PBXBuildFile; fileRef = 237BF5EFC78CFE1A0FCC5DCB /* Assets.xcassets */; };
		365C9C6B3EA16633CCBE8F72 /* ContentView.swift in Sources */ = {isa = PBXBuildFile; fileRef = 16ADCB0F880F1588FFF52907 /* ContentView.swift */; };
		3CF1317B5F0DF180EC6EC369 /* PlannerEngineTests.swift in Sources */ = {isa = PBXBuildFile; fileRef = DA2563FC9D78BEEBB017B6D3 /* PlannerEngineTests.swift */; };
		4E4FAFD0121C85EF3A3B210D /* FocusTimer.swift in Sources */ = {isa = PBXBuildFile; fileRef = C09996961FCC3572C0289AD6 /* FocusTimer.swift */; };
		4FF1BC1F62C8573D7F9F5BC3 /* ReviewEngine.swift in Sources */ = {isa = PBXBuildFile; fileRef = 0F9FE9F4CF9D6EB1D85D5231 /* ReviewEngine.swift */; };
		53CDF644D4E4F476B7D879C8 /* PlannerView.swift in Sources */ = {isa = PBXBuildFile; fileRef = 1C3015A0AD48FABD017F3E8D /* PlannerView.swift */; };
		57D9E3C3274BDAD9B9D8C319 /* SettingsView.swift in Sources */ = {isa = PBXBuildFile; fileRef = 3D4B38CCC4A2D72B94055278 /* SettingsView.swift */; };
		5B5A59592B5491090B965345 /* ReviewView.swift in Sources */ = {isa = PBXBuildFile; fileRef = FB12AED3EA735071C908795C /* ReviewView.swift */; };
		5DB6D3B024B90B5D6643E0B6 /* SessionLogView.swift in Sources */ = {isa = PBXBuildFile; fileRef = 6BE906B9EA86B62AB27CE242 /* SessionLogView.swift */; };
		67686A5188B2FF7747CB99F0 /* ShikenModels.swift in Sources */ = {isa = PBXBuildFile; fileRef = B2BA4EE1925DE1220042705B /* ShikenModels.swift */; };
		6F0CCE3C33744495717645BD /* SessionLogView.swift in Sources */ = {isa = PBXBuildFile; fileRef = 6BE906B9EA86B62AB27CE242 /* SessionLogView.swift */; };
		7BC0491037A54A8463907D41 /* PlannerEngine.swift in Sources */ = {isa = PBXBuildFile; fileRef = 1A55A656AD6D69DEE215743E /* PlannerEngine.swift */; };
		83C1A7EDDC77670DDE128987 /* ReviewEngineTests.swift in Sources */ = {isa = PBXBuildFile; fileRef = EF88D1EDD20B3CC57C3E5CE6 /* ReviewEngineTests.swift */; };
		87FEA6B06B58F014813324C7 /* FocusTimer.swift in Sources */ = {isa = PBXBuildFile; fileRef = C09996961FCC3572C0289AD6 /* FocusTimer.swift */; };
		8F73D4E347A605E106782EB1 /* ReviewEngine.swift in Sources */ = {isa = PBXBuildFile; fileRef = 0F9FE9F4CF9D6EB1D85D5231 /* ReviewEngine.swift */; };
		9B81EA448CE61F74956E3703 /* SubjectsView.swift in Sources */ = {isa = PBXBuildFile; fileRef = 4CCE39D2C81C2D68F59EF95B /* SubjectsView.swift */; };
		A35CB579661E125EC332DAF7 /* SubjectsView.swift in Sources */ = {isa = PBXBuildFile; fileRef = 4CCE39D2C81C2D68F59EF95B /* SubjectsView.swift */; };
		B2D84D9F27D788C65558134D /* ReviewView.swift in Sources */ = {isa = PBXBuildFile; fileRef = FB12AED3EA735071C908795C /* ReviewView.swift */; };
		BFCCB50ACDE34A6859933DEC /* ShikenApp.swift in Sources */ = {isa = PBXBuildFile; fileRef = 25069F6CB31B7E2936DFDA66 /* ShikenApp.swift */; };
		C33D97A80669F9802B2CAA46 /* PlannerView.swift in Sources */ = {isa = PBXBuildFile; fileRef = 1C3015A0AD48FABD017F3E8D /* PlannerView.swift */; };
		CC9844C406AE500F5DE2FF3F /* DesignSystem.swift in Sources */ = {isa = PBXBuildFile; fileRef = F3074D790E060616F6B0069D /* DesignSystem.swift */; };
		E68149D9ED26F617452DADAF /* SettingsView.swift in Sources */ = {isa = PBXBuildFile; fileRef = 3D4B38CCC4A2D72B94055278 /* SettingsView.swift */; };
		E9DD1CD379081C39532A398C /* DesignSystem.swift in Sources */ = {isa = PBXBuildFile; fileRef = F3074D790E060616F6B0069D /* DesignSystem.swift */; };
		F0D0957CB511212B21C4989F /* PlannerEngine.swift in Sources */ = {isa = PBXBuildFile; fileRef = 1A55A656AD6D69DEE215743E /* PlannerEngine.swift */; };
		F7FFA5574FB6612FB2E0F33B /* FocusView.swift in Sources */ = {isa = PBXBuildFile; fileRef = A0A3ABAFD31AE26C63EDFE4F /* FocusView.swift */; };
/* End PBXBuildFile section */

/* Begin PBXContainerItemProxy section */
		36F4D529F699623C9F31CCD2 /* PBXContainerItemProxy */ = {
			isa = PBXContainerItemProxy;
			containerPortal = 677DBB2FAF6D9CA7F643F004 /* Project object */;
			proxyType = 1;
			remoteGlobalIDString = A243E1A53C0704EF7ED3F61C;
			remoteInfo = "Shiken macOS";
		};
/* End PBXContainerItemProxy section */

/* Begin PBXFileReference section */
		0F9FE9F4CF9D6EB1D85D5231 /* ReviewEngine.swift */ = {isa = PBXFileReference; lastKnownFileType = sourcecode.swift; path = ReviewEngine.swift; sourceTree = "<group>"; };
		116AA1865DC2FE2CAFD6F7EC /* ShikenTests.xctest */ = {isa = PBXFileReference; explicitFileType = wrapper.cfbundle; includeInIndex = 0; path = ShikenTests.xctest; sourceTree = BUILT_PRODUCTS_DIR; };
		16ADCB0F880F1588FFF52907 /* ContentView.swift */ = {isa = PBXFileReference; lastKnownFileType = sourcecode.swift; path = ContentView.swift; sourceTree = "<group>"; };
		1A55A656AD6D69DEE215743E /* PlannerEngine.swift */ = {isa = PBXFileReference; lastKnownFileType = sourcecode.swift; path = PlannerEngine.swift; sourceTree = "<group>"; };
		1C3015A0AD48FABD017F3E8D /* PlannerView.swift */ = {isa = PBXFileReference; lastKnownFileType = sourcecode.swift; path = PlannerView.swift; sourceTree = "<group>"; };
		237BF5EFC78CFE1A0FCC5DCB /* Assets.xcassets */ = {isa = PBXFileReference; lastKnownFileType = folder.assetcatalog; path = Assets.xcassets; sourceTree = "<group>"; };
		25069F6CB31B7E2936DFDA66 /* ShikenApp.swift */ = {isa = PBXFileReference; lastKnownFileType = sourcecode.swift; path = ShikenApp.swift; sourceTree = "<group>"; };
		39A8161439B8D4D40B75CFA0 /* Shiken macOS.app */ = {isa = PBXFileReference; explicitFileType = wrapper.application; includeInIndex = 0; path = "Shiken macOS.app"; sourceTree = BUILT_PRODUCTS_DIR; };
		3D4B38CCC4A2D72B94055278 /* SettingsView.swift */ = {isa = PBXFileReference; lastKnownFileType = sourcecode.swift; path = SettingsView.swift; sourceTree = "<group>"; };
		4CCE39D2C81C2D68F59EF95B /* SubjectsView.swift */ = {isa = PBXFileReference; lastKnownFileType = sourcecode.swift; path = SubjectsView.swift; sourceTree = "<group>"; };
		6BE906B9EA86B62AB27CE242 /* SessionLogView.swift */ = {isa = PBXFileReference; lastKnownFileType = sourcecode.swift; path = SessionLogView.swift; sourceTree = "<group>"; };
		A0A3ABAFD31AE26C63EDFE4F /* FocusView.swift */ = {isa = PBXFileReference; lastKnownFileType = sourcecode.swift; path = FocusView.swift; sourceTree = "<group>"; };
		AACF642EDBDE1FC60837DF0C /* Shiken iOS.app */ = {isa = PBXFileReference; includeInIndex = 0; lastKnownFileType = wrapper.application; path = "Shiken iOS.app"; sourceTree = BUILT_PRODUCTS_DIR; };
		B2BA4EE1925DE1220042705B /* ShikenModels.swift */ = {isa = PBXFileReference; lastKnownFileType = sourcecode.swift; path = ShikenModels.swift; sourceTree = "<group>"; };
		C09996961FCC3572C0289AD6 /* FocusTimer.swift */ = {isa = PBXFileReference; lastKnownFileType = sourcecode.swift; path = FocusTimer.swift; sourceTree = "<group>"; };
		DA2563FC9D78BEEBB017B6D3 /* PlannerEngineTests.swift */ = {isa = PBXFileReference; lastKnownFileType = sourcecode.swift; path = PlannerEngineTests.swift; sourceTree = "<group>"; };
		EF88D1EDD20B3CC57C3E5CE6 /* ReviewEngineTests.swift */ = {isa = PBXFileReference; lastKnownFileType = sourcecode.swift; path = ReviewEngineTests.swift; sourceTree = "<group>"; };
		F3074D790E060616F6B0069D /* DesignSystem.swift */ = {isa = PBXFileReference; lastKnownFileType = sourcecode.swift; path = DesignSystem.swift; sourceTree = "<group>"; };
		FB12AED3EA735071C908795C /* ReviewView.swift */ = {isa = PBXFileReference; lastKnownFileType = sourcecode.swift; path = ReviewView.swift; sourceTree = "<group>"; };
/* End PBXFileReference section */

/* Begin PBXGroup section */
		2953DB25604ACE7E00C99838 /* Products */ = {
			isa = PBXGroup;
			children = (
				AACF642EDBDE1FC60837DF0C /* Shiken iOS.app */,
				39A8161439B8D4D40B75CFA0 /* Shiken macOS.app */,
				116AA1865DC2FE2CAFD6F7EC /* ShikenTests.xctest */,
			);
			name = Products;
			sourceTree = "<group>";
		};
		482C6B42C5E8590C7FEFF841 /* Tests */ = {
			isa = PBXGroup;
			children = (
				DA2563FC9D78BEEBB017B6D3 /* PlannerEngineTests.swift */,
				EF88D1EDD20B3CC57C3E5CE6 /* ReviewEngineTests.swift */,
			);
			path = Tests;
			sourceTree = "<group>";
		};
		5096F7A12A8A6B3331173CCE /* Assets */ = {
			isa = PBXGroup;
			children = (
				237BF5EFC78CFE1A0FCC5DCB /* Assets.xcassets */,
			);
			path = Assets;
			sourceTree = "<group>";
		};
		88FB9030DDD898B0FEE4E600 /* Sources */ = {
			isa = PBXGroup;
			children = (
				16ADCB0F880F1588FFF52907 /* ContentView.swift */,
				F3074D790E060616F6B0069D /* DesignSystem.swift */,
				C09996961FCC3572C0289AD6 /* FocusTimer.swift */,
				A0A3ABAFD31AE26C63EDFE4F /* FocusView.swift */,
				1A55A656AD6D69DEE215743E /* PlannerEngine.swift */,
				1C3015A0AD48FABD017F3E8D /* PlannerView.swift */,
				0F9FE9F4CF9D6EB1D85D5231 /* ReviewEngine.swift */,
				FB12AED3EA735071C908795C /* ReviewView.swift */,
				6BE906B9EA86B62AB27CE242 /* SessionLogView.swift */,
				3D4B38CCC4A2D72B94055278 /* SettingsView.swift */,
				25069F6CB31B7E2936DFDA66 /* ShikenApp.swift */,
				B2BA4EE1925DE1220042705B /* ShikenModels.swift */,
				4CCE39D2C81C2D68F59EF95B /* SubjectsView.swift */,
			);
			path = Sources;
			sourceTree = "<group>";
		};
		E96565F386D04A6091924A7F = {
			isa = PBXGroup;
			children = (
				5096F7A12A8A6B3331173CCE /* Assets */,
				88FB9030DDD898B0FEE4E600 /* Sources */,
				482C6B42C5E8590C7FEFF841 /* Tests */,
				2953DB25604ACE7E00C99838 /* Products */,
			);
			sourceTree = "<group>";
		};
/* End PBXGroup section */

/* Begin PBXNativeTarget section */
		5FB1D58927A4909E1B71662F /* Shiken iOS */ = {
			isa = PBXNativeTarget;
			buildConfigurationList = AD3219C40F320BA808F50471 /* Build configuration list for PBXNativeTarget "Shiken iOS" */;
			buildPhases = (
				BFB3AF1B68A0A868AF4A9AEE /* Sources */,
				4A47361611BD64B7C01558C3 /* Resources */,
			);
			buildRules = (
			);
			dependencies = (
			);
			name = "Shiken iOS";
			packageProductDependencies = (
			);
			productName = "Shiken iOS";
			productReference = AACF642EDBDE1FC60837DF0C /* Shiken iOS.app */;
			productType = "com.apple.product-type.application";
		};
		A243E1A53C0704EF7ED3F61C /* Shiken macOS */ = {
			isa = PBXNativeTarget;
			buildConfigurationList = D79FD9B643CA99041E9C594B /* Build configuration list for PBXNativeTarget "Shiken macOS" */;
			buildPhases = (
				A2A1C064E422923C61E89C20 /* Sources */,
				E7C19B6D71C9E5E0EE8B9054 /* Resources */,
			);
			buildRules = (
			);
			dependencies = (
			);
			name = "Shiken macOS";
			packageProductDependencies = (
			);
			productName = "Shiken macOS";
			productReference = 39A8161439B8D4D40B75CFA0 /* Shiken macOS.app */;
			productType = "com.apple.product-type.application";
		};
		FA183EE7A7F79A2226006D9B /* ShikenTests */ = {
			isa = PBXNativeTarget;
			buildConfigurationList = 317E20AE616D6DD67E1BB4D7 /* Build configuration list for PBXNativeTarget "ShikenTests" */;
			buildPhases = (
				BA90CBC272F6709D444AA37C /* Sources */,
			);
			buildRules = (
			);
			dependencies = (
				F069E28BC8927723BA49C372 /* PBXTargetDependency */,
			);
			name = ShikenTests;
			packageProductDependencies = (
			);
			productName = ShikenTests;
			productReference = 116AA1865DC2FE2CAFD6F7EC /* ShikenTests.xctest */;
			productType = "com.apple.product-type.bundle.unit-test";
		};
/* End PBXNativeTarget section */

/* Begin PBXProject section */
		677DBB2FAF6D9CA7F643F004 /* Project object */ = {
			isa = PBXProject;
			attributes = {
				BuildIndependentTargetsInParallel = YES;
				LastUpgradeCheck = 1430;
				TargetAttributes = {
					5FB1D58927A4909E1B71662F = {
						ProvisioningStyle = Automatic;
					};
					A243E1A53C0704EF7ED3F61C = {
						ProvisioningStyle = Automatic;
					};
				};
			};
			buildConfigurationList = 39D8E3BED71AEFBF2D11F17E /* Build configuration list for PBXProject "Shiken" */;
			developmentRegion = en;
			hasScannedForEncodings = 0;
			knownRegions = (
				Base,
				en,
			);
			mainGroup = E96565F386D04A6091924A7F;
			minimizedProjectReferenceProxies = 1;
			preferredProjectObjectVersion = 77;
			productRefGroup = 2953DB25604ACE7E00C99838 /* Products */;
			projectDirPath = "";
			projectRoot = "";
			targets = (
				A243E1A53C0704EF7ED3F61C /* Shiken macOS */,
				5FB1D58927A4909E1B71662F /* Shiken iOS */,
				FA183EE7A7F79A2226006D9B /* ShikenTests */,
			);
		};
/* End PBXProject section */

/* Begin PBXResourcesBuildPhase section */
		4A47361611BD64B7C01558C3 /* Resources */ = {
			isa = PBXResourcesBuildPhase;
			buildActionMask = 2147483647;
			files = (
				04CDC29711CDD22689CF1989 /* Assets.xcassets in Resources */,
			);
			runOnlyForDeploymentPostprocessing = 0;
		};
		E7C19B6D71C9E5E0EE8B9054 /* Resources */ = {
			isa = PBXResourcesBuildPhase;
			buildActionMask = 2147483647;
			files = (
				358EA09FD1B880720105BAD7 /* Assets.xcassets in Resources */,
			);
			runOnlyForDeploymentPostprocessing = 0;
		};
/* End PBXResourcesBuildPhase section */

/* Begin PBXSourcesBuildPhase section */
		A2A1C064E422923C61E89C20 /* Sources */ = {
			isa = PBXSourcesBuildPhase;
			buildActionMask = 2147483647;
			files = (
				1184D3C7BDB6D646F57BE776 /* ContentView.swift in Sources */,
				CC9844C406AE500F5DE2FF3F /* DesignSystem.swift in Sources */,
				87FEA6B06B58F014813324C7 /* FocusTimer.swift in Sources */,
				F7FFA5574FB6612FB2E0F33B /* FocusView.swift in Sources */,
				7BC0491037A54A8463907D41 /* PlannerEngine.swift in Sources */,
				C33D97A80669F9802B2CAA46 /* PlannerView.swift in Sources */,
				8F73D4E347A605E106782EB1 /* ReviewEngine.swift in Sources */,
				5B5A59592B5491090B965345 /* ReviewView.swift in Sources */,
				5DB6D3B024B90B5D6643E0B6 /* SessionLogView.swift in Sources */,
				57D9E3C3274BDAD9B9D8C319 /* SettingsView.swift in Sources */,
				19F7481E04979BE345D80DF2 /* ShikenApp.swift in Sources */,
				22F8415022CA9A176583BC9F /* ShikenModels.swift in Sources */,
				9B81EA448CE61F74956E3703 /* SubjectsView.swift in Sources */,
			);
			runOnlyForDeploymentPostprocessing = 0;
		};
		BA90CBC272F6709D444AA37C /* Sources */ = {
			isa = PBXSourcesBuildPhase;
			buildActionMask = 2147483647;
			files = (
				3CF1317B5F0DF180EC6EC369 /* PlannerEngineTests.swift in Sources */,
				83C1A7EDDC77670DDE128987 /* ReviewEngineTests.swift in Sources */,
			);
			runOnlyForDeploymentPostprocessing = 0;
		};
		BFB3AF1B68A0A868AF4A9AEE /* Sources */ = {
			isa = PBXSourcesBuildPhase;
			buildActionMask = 2147483647;
			files = (
				365C9C6B3EA16633CCBE8F72 /* ContentView.swift in Sources */,
				E9DD1CD379081C39532A398C /* DesignSystem.swift in Sources */,
				4E4FAFD0121C85EF3A3B210D /* FocusTimer.swift in Sources */,
				1D1D9EE46B2478F18E463892 /* FocusView.swift in Sources */,
				F0D0957CB511212B21C4989F /* PlannerEngine.swift in Sources */,
				53CDF644D4E4F476B7D879C8 /* PlannerView.swift in Sources */,
				4FF1BC1F62C8573D7F9F5BC3 /* ReviewEngine.swift in Sources */,
				B2D84D9F27D788C65558134D /* ReviewView.swift in Sources */,
				6F0CCE3C33744495717645BD /* SessionLogView.swift in Sources */,
				E68149D9ED26F617452DADAF /* SettingsView.swift in Sources */,
				BFCCB50ACDE34A6859933DEC /* ShikenApp.swift in Sources */,
				67686A5188B2FF7747CB99F0 /* ShikenModels.swift in Sources */,
				A35CB579661E125EC332DAF7 /* SubjectsView.swift in Sources */,
			);
			runOnlyForDeploymentPostprocessing = 0;
		};
/* End PBXSourcesBuildPhase section */

/* Begin PBXTargetDependency section */
		F069E28BC8927723BA49C372 /* PBXTargetDependency */ = {
			isa = PBXTargetDependency;
			target = A243E1A53C0704EF7ED3F61C /* Shiken macOS */;
			targetProxy = 36F4D529F699623C9F31CCD2 /* PBXContainerItemProxy */;
		};
/* End PBXTargetDependency section */

/* Begin XCBuildConfiguration section */
		0F20950F29A90C9B3FFE212B /* Release */ = {
			isa = XCBuildConfiguration;
			buildSettings = {
				BUNDLE_LOADER = "$(TEST_HOST)";
				COMBINE_HIDPI_IMAGES = YES;
				GENERATE_INFOPLIST_FILE = YES;
				LD_RUNPATH_SEARCH_PATHS = (
					"$(inherited)",
					"@executable_path/../Frameworks",
					"@loader_path/../Frameworks",
				);
				MACOSX_DEPLOYMENT_TARGET = 15.0;
				PRODUCT_BUNDLE_IDENTIFIER = com.shiken.ShikenTests;
				SDKROOT = macosx;
				TEST_HOST = "$(BUILT_PRODUCTS_DIR)/Shiken.app/Contents/MacOS/Shiken";
			};
			name = Release;
		};
		17D7A7FB7C9A938797EE2971 /* Debug */ = {
			isa = XCBuildConfiguration;
			buildSettings = {
				ASSETCATALOG_COMPILER_APPICON_NAME = AppIcon;
				CODE_SIGN_IDENTITY = "-";
				CODE_SIGN_STYLE = Automatic;
				COMBINE_HIDPI_IMAGES = YES;
				ENABLE_HARDENED_RUNTIME = YES;
				ENABLE_USER_SCRIPT_SANDBOXING = YES;
				GENERATE_INFOPLIST_FILE = YES;
				INFOPLIST_KEY_CFBundleDisplayName = Shiken;
				INFOPLIST_KEY_LSApplicationCategoryType = "public.app-category.education";
				INFOPLIST_KEY_NSHumanReadableCopyright = "© 2026 Shiken";
				LD_RUNPATH_SEARCH_PATHS = (
					"$(inherited)",
					"@executable_path/../Frameworks",
				);
				PRODUCT_BUNDLE_IDENTIFIER = com.shiken.Shiken.mac;
				PRODUCT_MODULE_NAME = ShikenMac;
				PRODUCT_NAME = Shiken;
				SDKROOT = macosx;
			};
			name = Debug;
		};
		2D991A9B0B71A896E8DC963A /* Release */ = {
			isa = XCBuildConfiguration;
			buildSettings = {
				ASSETCATALOG_COMPILER_APPICON_NAME = AppIcon;
				CODE_SIGN_IDENTITY = "-";
				CODE_SIGN_STYLE = Automatic;
				COMBINE_HIDPI_IMAGES = YES;
				ENABLE_HARDENED_RUNTIME = YES;
				ENABLE_USER_SCRIPT_SANDBOXING = YES;
				GENERATE_INFOPLIST_FILE = YES;
				INFOPLIST_KEY_CFBundleDisplayName = Shiken;
				INFOPLIST_KEY_LSApplicationCategoryType = "public.app-category.education";
				INFOPLIST_KEY_NSHumanReadableCopyright = "© 2026 Shiken";
				LD_RUNPATH_SEARCH_PATHS = (
					"$(inherited)",
					"@executable_path/../Frameworks",
				);
				PRODUCT_BUNDLE_IDENTIFIER = com.shiken.Shiken.mac;
				PRODUCT_MODULE_NAME = ShikenMac;
				PRODUCT_NAME = Shiken;
				SDKROOT = macosx;
			};
			name = Release;
		};
		3699B3D9D7325A993C085675 /* Debug */ = {
			isa = XCBuildConfiguration;
			buildSettings = {
				BUNDLE_LOADER = "$(TEST_HOST)";
				COMBINE_HIDPI_IMAGES = YES;
				GENERATE_INFOPLIST_FILE = YES;
				LD_RUNPATH_SEARCH_PATHS = (
					"$(inherited)",
					"@executable_path/../Frameworks",
					"@loader_path/../Frameworks",
				);
				MACOSX_DEPLOYMENT_TARGET = 15.0;
				PRODUCT_BUNDLE_IDENTIFIER = com.shiken.ShikenTests;
				SDKROOT = macosx;
				TEST_HOST = "$(BUILT_PRODUCTS_DIR)/Shiken.app/Contents/MacOS/Shiken";
			};
			name = Debug;
		};
		7515D6CCCEDEEABB7DF83CF8 /* Debug */ = {
			isa = XCBuildConfiguration;
			buildSettings = {
				ALWAYS_SEARCH_USER_PATHS = NO;
				CLANG_ANALYZER_NONNULL = YES;
				CLANG_ANALYZER_NUMBER_OBJECT_CONVERSION = YES_AGGRESSIVE;
				CLANG_CXX_LANGUAGE_STANDARD = "gnu++14";
				CLANG_CXX_LIBRARY = "libc++";
				CLANG_ENABLE_MODULES = YES;
				CLANG_ENABLE_OBJC_ARC = YES;
				CLANG_ENABLE_OBJC_WEAK = YES;
				CLANG_WARN_BLOCK_CAPTURE_AUTORELEASING = YES;
				CLANG_WARN_BOOL_CONVERSION = YES;
				CLANG_WARN_COMMA = YES;
				CLANG_WARN_CONSTANT_CONVERSION = YES;
				CLANG_WARN_DEPRECATED_OBJC_IMPLEMENTATIONS = YES;
				CLANG_WARN_DIRECT_OBJC_ISA_USAGE = YES_ERROR;
				CLANG_WARN_DOCUMENTATION_COMMENTS = YES;
				CLANG_WARN_EMPTY_BODY = YES;
				CLANG_WARN_ENUM_CONVERSION = YES;
				CLANG_WARN_INFINITE_RECURSION = YES;
				CLANG_WARN_INT_CONVERSION = YES;
				CLANG_WARN_NON_LITERAL_NULL_CONVERSION = YES;
				CLANG_WARN_OBJC_IMPLICIT_RETAIN_SELF = YES;
				CLANG_WARN_OBJC_LITERAL_CONVERSION = YES;
				CLANG_WARN_OBJC_ROOT_CLASS = YES_ERROR;
				CLANG_WARN_QUOTED_INCLUDE_IN_FRAMEWORK_HEADER = YES;
				CLANG_WARN_RANGE_LOOP_ANALYSIS = YES;
				CLANG_WARN_STRICT_PROTOTYPES = YES;
				CLANG_WARN_SUSPICIOUS_MOVE = YES;
				CLANG_WARN_UNGUARDED_AVAILABILITY = YES_AGGRESSIVE;
				CLANG_WARN_UNREACHABLE_CODE = YES;
				CLANG_WARN__DUPLICATE_METHOD_MATCH = YES;
				COPY_PHASE_STRIP = NO;
				CURRENT_PROJECT_VERSION = 2;
				DEBUG_INFORMATION_FORMAT = dwarf;
				ENABLE_STRICT_OBJC_MSGSEND = YES;
				ENABLE_TESTABILITY = YES;
				GCC_C_LANGUAGE_STANDARD = gnu11;
				GCC_DYNAMIC_NO_PIC = NO;
				GCC_NO_COMMON_BLOCKS = YES;
				GCC_OPTIMIZATION_LEVEL = 0;
				GCC_PREPROCESSOR_DEFINITIONS = (
					"$(inherited)",
					"DEBUG=1",
				);
				GCC_WARN_64_TO_32_BIT_CONVERSION = YES;
				GCC_WARN_ABOUT_RETURN_TYPE = YES_ERROR;
				GCC_WARN_UNDECLARED_SELECTOR = YES;
				GCC_WARN_UNINITIALIZED_AUTOS = YES_AGGRESSIVE;
				GCC_WARN_UNUSED_FUNCTION = YES;
				GCC_WARN_UNUSED_VARIABLE = YES;
				IPHONEOS_DEPLOYMENT_TARGET = 18.0;
				MACOSX_DEPLOYMENT_TARGET = 15.0;
				MARKETING_VERSION = 0.2.0;
				MTL_ENABLE_DEBUG_INFO = INCLUDE_SOURCE;
				MTL_FAST_MATH = YES;
				ONLY_ACTIVE_ARCH = YES;
				PRODUCT_NAME = "$(TARGET_NAME)";
				SWIFT_ACTIVE_COMPILATION_CONDITIONS = DEBUG;
				SWIFT_OPTIMIZATION_LEVEL = "-Onone";
				SWIFT_VERSION = 5.0;
			};
			name = Debug;
		};
		811CFA5722E0A69A58A1F3F5 /* Release */ = {
			isa = XCBuildConfiguration;
			buildSettings = {
				ASSETCATALOG_COMPILER_APPICON_NAME = AppIcon;
				CODE_SIGN_IDENTITY = "iPhone Developer";
				CODE_SIGN_STYLE = Automatic;
				GENERATE_INFOPLIST_FILE = YES;
				INFOPLIST_KEY_CFBundleDisplayName = Shiken;
				INFOPLIST_KEY_UILaunchScreen_Generation = YES;
				LD_RUNPATH_SEARCH_PATHS = (
					"$(inherited)",
					"@executable_path/Frameworks",
				);
				PRODUCT_BUNDLE_IDENTIFIER = com.shiken.Shiken.ios;
				PRODUCT_MODULE_NAME = ShikenIOS;
				PRODUCT_NAME = Shiken;
				SDKROOT = iphoneos;
				SUPPORTS_MACCATALYST = NO;
				TARGETED_DEVICE_FAMILY = "1,2";
			};
			name = Release;
		};
		8DE125E7F6AB61EBB409391A /* Release */ = {
			isa = XCBuildConfiguration;
			buildSettings = {
				ALWAYS_SEARCH_USER_PATHS = NO;
				CLANG_ANALYZER_NONNULL = YES;
				CLANG_ANALYZER_NUMBER_OBJECT_CONVERSION = YES_AGGRESSIVE;
				CLANG_CXX_LANGUAGE_STANDARD = "gnu++14";
				CLANG_CXX_LIBRARY = "libc++";
				CLANG_ENABLE_MODULES = YES;
				CLANG_ENABLE_OBJC_ARC = YES;
				CLANG_ENABLE_OBJC_WEAK = YES;
				CLANG_WARN_BLOCK_CAPTURE_AUTORELEASING = YES;
				CLANG_WARN_BOOL_CONVERSION = YES;
				CLANG_WARN_COMMA = YES;
				CLANG_WARN_CONSTANT_CONVERSION = YES;
				CLANG_WARN_DEPRECATED_OBJC_IMPLEMENTATIONS = YES;
				CLANG_WARN_DIRECT_OBJC_ISA_USAGE = YES_ERROR;
				CLANG_WARN_DOCUMENTATION_COMMENTS = YES;
				CLANG_WARN_EMPTY_BODY = YES;
				CLANG_WARN_ENUM_CONVERSION = YES;
				CLANG_WARN_INFINITE_RECURSION = YES;
				CLANG_WARN_INT_CONVERSION = YES;
				CLANG_WARN_NON_LITERAL_NULL_CONVERSION = YES;
				CLANG_WARN_OBJC_IMPLICIT_RETAIN_SELF = YES;
				CLANG_WARN_OBJC_LITERAL_CONVERSION = YES;
				CLANG_WARN_OBJC_ROOT_CLASS = YES_ERROR;
				CLANG_WARN_QUOTED_INCLUDE_IN_FRAMEWORK_HEADER = YES;
				CLANG_WARN_RANGE_LOOP_ANALYSIS = YES;
				CLANG_WARN_STRICT_PROTOTYPES = YES;
				CLANG_WARN_SUSPICIOUS_MOVE = YES;
				CLANG_WARN_UNGUARDED_AVAILABILITY = YES_AGGRESSIVE;
				CLANG_WARN_UNREACHABLE_CODE = YES;
				CLANG_WARN__DUPLICATE_METHOD_MATCH = YES;
				COPY_PHASE_STRIP = NO;
				CURRENT_PROJECT_VERSION = 2;
				DEBUG_INFORMATION_FORMAT = "dwarf-with-dsym";
				ENABLE_NS_ASSERTIONS = NO;
				ENABLE_STRICT_OBJC_MSGSEND = YES;
				GCC_C_LANGUAGE_STANDARD = gnu11;
				GCC_NO_COMMON_BLOCKS = YES;
				GCC_WARN_64_TO_32_BIT_CONVERSION = YES;
				GCC_WARN_ABOUT_RETURN_TYPE = YES_ERROR;
				GCC_WARN_UNDECLARED_SELECTOR = YES;
				GCC_WARN_UNINITIALIZED_AUTOS = YES_AGGRESSIVE;
				GCC_WARN_UNUSED_FUNCTION = YES;
				GCC_WARN_UNUSED_VARIABLE = YES;
				IPHONEOS_DEPLOYMENT_TARGET = 18.0;
				MACOSX_DEPLOYMENT_TARGET = 15.0;
				MARKETING_VERSION = 0.2.0;
				MTL_ENABLE_DEBUG_INFO = NO;
				MTL_FAST_MATH = YES;
				PRODUCT_NAME = "$(TARGET_NAME)";
				SWIFT_COMPILATION_MODE = wholemodule;
				SWIFT_OPTIMIZATION_LEVEL = "-O";
				SWIFT_VERSION = 5.0;
			};
			name = Release;
		};
		AFB4B92DDFF03E6D2D1122B8 /* Debug */ = {
			isa = XCBuildConfiguration;
			buildSettings = {
				ASSETCATALOG_COMPILER_APPICON_NAME = AppIcon;
				CODE_SIGN_IDENTITY = "iPhone Developer";
				CODE_SIGN_STYLE = Automatic;
				GENERATE_INFOPLIST_FILE = YES;
				INFOPLIST_KEY_CFBundleDisplayName = Shiken;
				INFOPLIST_KEY_UILaunchScreen_Generation = YES;
				LD_RUNPATH_SEARCH_PATHS = (
					"$(inherited)",
					"@executable_path/Frameworks",
				);
				PRODUCT_BUNDLE_IDENTIFIER = com.shiken.Shiken.ios;
				PRODUCT_MODULE_NAME = ShikenIOS;
				PRODUCT_NAME = Shiken;
				SDKROOT = iphoneos;
				SUPPORTS_MACCATALYST = NO;
				TARGETED_DEVICE_FAMILY = "1,2";
			};
			name = Debug;
		};
/* End XCBuildConfiguration section */

/* Begin XCConfigurationList section */
		317E20AE616D6DD67E1BB4D7 /* Build configuration list for PBXNativeTarget "ShikenTests" */ = {
			isa = XCConfigurationList;
			buildConfigurations = (
				3699B3D9D7325A993C085675 /* Debug */,
				0F20950F29A90C9B3FFE212B /* Release */,
			);
			defaultConfigurationIsVisible = 0;
			defaultConfigurationName = Debug;
		};
		39D8E3BED71AEFBF2D11F17E /* Build configuration list for PBXProject "Shiken" */ = {
			isa = XCConfigurationList;
			buildConfigurations = (
				7515D6CCCEDEEABB7DF83CF8 /* Debug */,
				8DE125E7F6AB61EBB409391A /* Release */,
			);
			defaultConfigurationIsVisible = 0;
			defaultConfigurationName = Debug;
		};
		AD3219C40F320BA808F50471 /* Build configuration list for PBXNativeTarget "Shiken iOS" */ = {
			isa = XCConfigurationList;
			buildConfigurations = (
				AFB4B92DDFF03E6D2D1122B8 /* Debug */,
				811CFA5722E0A69A58A1F3F5 /* Release */,
			);
			defaultConfigurationIsVisible = 0;
			defaultConfigurationName = Debug;
		};
		D79FD9B643CA99041E9C594B /* Build configuration list for PBXNativeTarget "Shiken macOS" */ = {
			isa = XCConfigurationList;
			buildConfigurations = (
				17D7A7FB7C9A938797EE2971 /* Debug */,
				2D991A9B0B71A896E8DC963A /* Release */,
			);
			defaultConfigurationIsVisible = 0;
			defaultConfigurationName = Debug;
		};
/* End XCConfigurationList section */
	};
	rootObject = 677DBB2FAF6D9CA7F643F004 /* Project object */;
}
